// !$*UTF8*$!
{
	archiveVersion = 1;
	classes = {
	};
	objectVersion = 48;
	objects = {

/* Begin PBXBuildFile section */
		85952C1F0D1646F9B1CA8ED4 /* libPods-MyApp.a in Frameworks */ = {isa = PBXBuildFile; fileRef = 0045C80AB912F8DAFAEB591E /* libPods-MyApp.a */; };
		EE1279801F4D73FB006AD8FF /* MJImgCell.m in Sources */ = {isa = PBXBuildFile; fileRef = EE12797E1F4D73FB006AD8FF /* MJImgCell.m */; };
		EE1279811F4D73FB006AD8FF /* MJImgCell.xib in Resources */ = {isa = PBXBuildFile; fileRef = EE12797F1F4D73FB006AD8FF /* MJImgCell.xib */; };
		EE1279821F4D7738006AD8FF /* SelectImgVC.m in Sources */ = {isa = PBXBuildFile; fileRef = EE12797C1F4D73A5006AD8FF /* SelectImgVC.m */; };
		EE1279831F4D776C006AD8FF /* LxGridViewFlowLayout.m in Sources */ = {isa = PBXBuildFile; fileRef = EE1279791F4D71F4006AD8FF /* LxGridViewFlowLayout.m */; };
		EE1279841F4D7773006AD8FF /* BasicControl.m in Sources */ = {isa = PBXBuildFile; fileRef = EE1279751F4D6C42006AD8FF /* BasicControl.m */; };
		EE1279851F4D7775006AD8FF /* UIView+Extension.m in Sources */ = {isa = PBXBuildFile; fileRef = EE1279771F4D6C42006AD8FF /* UIView+Extension.m */; };
		EEE2673D1F4C318F00D40183 /* AppDelegate.m in Sources */ = {isa = PBXBuildFile; fileRef = EEE2673C1F4C318F00D40183 /* AppDelegate.m */; };
		EEE267401F4C318F00D40183 /* ViewController.m in Sources */ = {isa = PBXBuildFile; fileRef = EEE2673F1F4C318F00D40183 /* ViewController.m */; };
		EEE267431F4C318F00D40183 /* Main.storyboard in Resources */ = {isa = PBXBuildFile; fileRef = EEE267411F4C318F00D40183 /* Main.storyboard */; };
		EEE267451F4C318F00D40183 /* Assets.xcassets in Resources */ = {isa = PBXBuildFile; fileRef = EEE267441F4C318F00D40183 /* Assets.xcassets */; };
		EEE267481F4C318F00D40183 /* LaunchScreen.storyboard in Resources */ = {isa = PBXBuildFile; fileRef = EEE267461F4C318F00D40183 /* LaunchScreen.storyboard */; };
		EEE2674B1F4C318F00D40183 /* main.m in Sources */ = {isa = PBXBuildFile; fileRef = EEE2674A1F4C318F00D40183 /* main.m */; };
		EEE267541F4C31CC00D40183 /* MyItemListVC.m in Sources */ = {isa = PBXBuildFile; fileRef = EEE267521F4C31CC00D40183 /* MyItemListVC.m */; };
		EEE267551F4C31CC00D40183 /* MyItemListVC.xib in Resources */ = {isa = PBXBuildFile; fileRef = EEE267531F4C31CC00D40183 /* MyItemListVC.xib */; };
/* End PBXBuildFile section */

/* Begin PBXFileReference section */
		0045C80AB912F8DAFAEB591E /* libPods-MyApp.a */ = {isa = PBXFileReference; explicitFileType = archive.ar; includeInIndex = 0; path = "libPods-MyApp.a"; sourceTree = BUILT_PRODUCTS_DIR; };
		0EBB15FCCCE7FB10D8D998DE /* Pods-MyApp.debug.xcconfig */ = {isa = PBXFileReference; includeInIndex = 1; lastKnownFileType = text.xcconfig; name = "Pods-MyApp.debug.xcconfig"; path = "Pods/Target Support Files/Pods-MyApp/Pods-MyApp.debug.xcconfig"; sourceTree = "<group>"; };
		4DD1F1059C7BA726E754FFE0 /* Pods-MyApp.release.xcconfig */ = {isa = PBXFileReference; includeInIndex = 1; lastKnownFileType = text.xcconfig; name = "Pods-MyApp.release.xcconfig"; path = "Pods/Target Support Files/Pods-MyApp/Pods-MyApp.release.xcconfig"; sourceTree = "<group>"; };
		EE1279701F4D6B14006AD8FF /* MyApp.pch */ = {isa = PBXFileReference; lastKnownFileType = sourcecode.c.h; path = MyApp.pch; sourceTree = "<group>"; };
		EE1279711F4D6BBB006AD8FF /* Header.h */ = {isa = PBXFileReference; lastKnownFileType = sourcecode.c.h; path = Header.h; sourceTree = "<group>"; };
		EE1279741F4D6C42006AD8FF /* BasicControl.h */ = {isa = PBXFileReference; lastKnownFileType = sourcecode.c.h; path = BasicControl.h; sourceTree = "<group>"; };
		EE1279751F4D6C42006AD8FF /* BasicControl.m */ = {isa = PBXFileReference; lastKnownFileType = sourcecode.c.objc; path = BasicControl.m; sourceTree = "<group>"; };
		EE1279761F4D6C42006AD8FF /* UIView+Extension.h */ = {isa = PBXFileReference; lastKnownFileType = sourcecode.c.h; path = "UIView+Extension.h"; sourceTree = "<group>"; };
		EE1279771F4D6C42006AD8FF /* UIView+Extension.m */ = {isa = PBXFileReference; lastKnownFileType = sourcecode.c.objc; path = "UIView+Extension.m"; sourceTree = "<group>"; };
		EE1279781F4D71F4006AD8FF /* LxGridViewFlowLayout.h */ = {isa = PBXFileReference; lastKnownFileType = sourcecode.c.h; path = LxGridViewFlowLayout.h; sourceTree = "<group>"; };
		EE1279791F4D71F4006AD8FF /* LxGridViewFlowLayout.m */ = {isa = PBXFileReference; lastKnownFileType = sourcecode.c.objc; path = LxGridViewFlowLayout.m; sourceTree = "<group>"; };
		EE12797B1F4D73A5006AD8FF /* SelectImgVC.h */ = {isa = PBXFileReference; lastKnownFileType = sourcecode.c.h; path = SelectImgVC.h; sourceTree = "<group>"; };
		EE12797C1F4D73A5006AD8FF /* SelectImgVC.m */ = {isa = PBXFileReference; lastKnownFileType = sourcecode.c.objc; path = SelectImgVC.m; sourceTree = "<group>"; };
		EE12797D1F4D73FB006AD8FF /* MJImgCell.h */ = {isa = PBXFileReference; lastKnownFileType = sourcecode.c.h; path = MJImgCell.h; sourceTree = "<group>"; };
		EE12797E1F4D73FB006AD8FF /* MJImgCell.m */ = {isa = PBXFileReference; lastKnownFileType = sourcecode.c.objc; path = MJImgCell.m; sourceTree = "<group>"; };
		EE12797F1F4D73FB006AD8FF /* MJImgCell.xib */ = {isa = PBXFileReference; lastKnownFileType = file.xib; path = MJImgCell.xib; sourceTree = "<group>"; };
		EEE267381F4C318F00D40183 /* MyApp.app */ = {isa = PBXFileReference; explicitFileType = wrapper.application; includeInIndex = 0; path = MyApp.app; sourceTree = BUILT_PRODUCTS_DIR; };
		EEE2673B1F4C318F00D40183 /* AppDelegate.h */ = {isa = PBXFileReference; lastKnownFileType = sourcecode.c.h; path = AppDelegate.h; sourceTree = "<group>"; };
		EEE2673C1F4C318F00D40183 /* AppDelegate.m */ = {isa = PBXFileReference; lastKnownFileType = sourcecode.c.objc; path = AppDelegate.m; sourceTree = "<group>"; };
		EEE2673E1F4C318F00D40183 /* ViewController.h */ = {isa = PBXFileReference; lastKnownFileType = sourcecode.c.h; path = ViewController.h; sourceTree = "<group>"; };
		EEE2673F1F4C318F00D40183 /* ViewController.m */ = {isa = PBXFileReference; lastKnownFileType = sourcecode.c.objc; path = ViewController.m; sourceTree = "<group>"; };
		EEE267421F4C318F00D40183 /* Base */ = {isa = PBXFileReference; lastKnownFileType = file.storyboard; name = Base; path = Base.lproj/Main.storyboard; sourceTree = "<group>"; };
		EEE267441F4C318F00D40183 /* Assets.xcassets */ = {isa = PBXFileReference; lastKnownFileType = folder.assetcatalog; path = Assets.xcassets; sourceTree = "<group>"; };
		EEE267471F4C318F00D40183 /* Base */ = {isa = PBXFileReference; lastKnownFileType = file.storyboard; name = Base; path = Base.lproj/LaunchScreen.storyboard; sourceTree = "<group>"; };
		EEE267491F4C318F00D40183 /* Info.plist */ = {isa = PBXFileReference; lastKnownFileType = text.plist.xml; path = Info.plist; sourceTree = "<group>"; };
		EEE2674A1F4C318F00D40183 /* main.m */ = {isa = PBXFileReference; lastKnownFileType = sourcecode.c.objc; path = main.m; sourceTree = "<group>"; };
		EEE267511F4C31CC00D40183 /* MyItemListVC.h */ = {isa = PBXFileReference; lastKnownFileType = sourcecode.c.h; path = MyItemListVC.h; sourceTree = "<group>"; };
		EEE267521F4C31CC00D40183 /* MyItemListVC.m */ = {isa = PBXFileReference; lastKnownFileType = sourcecode.c.objc; path = MyItemListVC.m; sourceTree = "<group>"; };
		EEE267531F4C31CC00D40183 /* MyItemListVC.xib */ = {isa = PBXFileReference; lastKnownFileType = file.xib; path = MyItemListVC.xib; sourceTree = "<group>"; };
/* End PBXFileReference section */

/* Begin PBXFrameworksBuildPhase section */
		EEE267351F4C318F00D40183 /* Frameworks */ = {
			isa = PBXFrameworksBuildPhase;
			buildActionMask = 2147483647;
			files = (
				85952C1F0D1646F9B1CA8ED4 /* libPods-MyApp.a in Frameworks */,
			);
			runOnlyForDeploymentPostprocessing = 0;
		};
/* End PBXFrameworksBuildPhase section */

/* Begin PBXGroup section */
		1CC27827DD729BC06B8DCDB3 /* Frameworks */ = {
			isa = PBXGroup;
			children = (
				0045C80AB912F8DAFAEB591E /* libPods-MyApp.a */,
			);
			name = Frameworks;
			sourceTree = "<group>";
		};
		2984019C92D85B546CAC6986 /* Pods */ = {
			isa = PBXGroup;
			children = (
				0EBB15FCCCE7FB10D8D998DE /* Pods-MyApp.debug.xcconfig */,
				4DD1F1059C7BA726E754FFE0 /* Pods-MyApp.release.xcconfig */,
			);
			name = Pods;
			sourceTree = "<group>";
		};
		EE1279721F4D6C25006AD8FF /* ThirdPart */ = {
			isa = PBXGroup;
			children = (
				EE1279781F4D71F4006AD8FF /* LxGridViewFlowLayout.h */,
				EE1279791F4D71F4006AD8FF /* LxGridViewFlowLayout.m */,
				EE1279731F4D6C42006AD8FF /* BasicControl */,
			);
			path = ThirdPart;
			sourceTree = "<group>";
		};
		EE1279731F4D6C42006AD8FF /* BasicControl */ = {
			isa = PBXGroup;
			children = (
				EE1279741F4D6C42006AD8FF /* BasicControl.h */,
				EE1279751F4D6C42006AD8FF /* BasicControl.m */,
				EE1279761F4D6C42006AD8FF /* UIView+Extension.h */,
				EE1279771F4D6C42006AD8FF /* UIView+Extension.m */,
			);
			path = BasicControl;
			sourceTree = "<group>";
		};
		EE12797A1F4D73A5006AD8FF /* PhotoMontage */ = {
			isa = PBXGroup;
			children = (
				EE12797B1F4D73A5006AD8FF /* SelectImgVC.h */,
				EE12797C1F4D73A5006AD8FF /* SelectImgVC.m */,
				EE12797D1F4D73FB006AD8FF /* MJImgCell.h */,
				EE12797E1F4D73FB006AD8FF /* MJImgCell.m */,
				EE12797F1F4D73FB006AD8FF /* MJImgCell.xib */,
			);
			path = PhotoMontage;
			sourceTree = "<group>";
		};
		EEE2672F1F4C318E00D40183 = {
			isa = PBXGroup;
			children = (
				EEE2673A1F4C318F00D40183 /* MyApp */,
				EEE267391F4C318F00D40183 /* Products */,
				2984019C92D85B546CAC6986 /* Pods */,
				1CC27827DD729BC06B8DCDB3 /* Frameworks */,
			);
			sourceTree = "<group>";
		};
		EEE267391F4C318F00D40183 /* Products */ = {
			isa = PBXGroup;
			children = (
				EEE267381F4C318F00D40183 /* MyApp.app */,
			);
			name = Products;
			sourceTree = "<group>";
		};
		EEE2673A1F4C318F00D40183 /* MyApp */ = {
			isa = PBXGroup;
			children = (
				EE12797A1F4D73A5006AD8FF /* PhotoMontage */,
				EE1279721F4D6C25006AD8FF /* ThirdPart */,
				EEE2673B1F4C318F00D40183 /* AppDelegate.h */,
				EEE2673C1F4C318F00D40183 /* AppDelegate.m */,
				EEE2673E1F4C318F00D40183 /* ViewController.h */,
				EEE2673F1F4C318F00D40183 /* ViewController.m */,
				EEE267511F4C31CC00D40183 /* MyItemListVC.h */,
				EEE267521F4C31CC00D40183 /* MyItemListVC.m */,
				EEE267531F4C31CC00D40183 /* MyItemListVC.xib */,
				EEE267411F4C318F00D40183 /* Main.storyboard */,
				EE1279701F4D6B14006AD8FF /* MyApp.pch */,
				EE1279711F4D6BBB006AD8FF /* Header.h */,
				EEE267441F4C318F00D40183 /* Assets.xcassets */,
				EEE267461F4C318F00D40183 /* LaunchScreen.storyboard */,
				EEE267491F4C318F00D40183 /* Info.plist */,
				EEE2674A1F4C318F00D40183 /* main.m */,
			);
			path = MyApp;
			sourceTree = "<group>";
		};
/* End PBXGroup section */

/* Begin PBXNativeTarget section */
		EEE267371F4C318F00D40183 /* MyApp */ = {
			isa = PBXNativeTarget;
			buildConfigurationList = EEE2674E1F4C318F00D40183 /* Build configuration list for PBXNativeTarget "MyApp" */;
			buildPhases = (
				CE2BFD8E8BD8B9EFBFA123BE /* [CP] Check Pods Manifest.lock */,
				EEE267341F4C318F00D40183 /* Sources */,
				EEE267351F4C318F00D40183 /* Frameworks */,
				EEE267361F4C318F00D40183 /* Resources */,
				43495C857AE3144FD4687712 /* [CP] Embed Pods Frameworks */,
				3978C10DAC37517C700ECB88 /* [CP] Copy Pods Resources */,
			);
			buildRules = (
			);
			dependencies = (
			);
			name = MyApp;
			productName = MyApp;
			productReference = EEE267381F4C318F00D40183 /* MyApp.app */;
			productType = "com.apple.product-type.application";
		};
/* End PBXNativeTarget section */

/* Begin PBXProject section */
		EEE267301F4C318E00D40183 /* Project object */ = {
			isa = PBXProject;
			attributes = {
				LastUpgradeCheck = 0900;
				ORGANIZATIONNAME = skydrui;
				TargetAttributes = {
					EEE267371F4C318F00D40183 = {
						CreatedOnToolsVersion = 9.0;
						ProvisioningStyle = Automatic;
					};
				};
			};
			buildConfigurationList = EEE267331F4C318E00D40183 /* Build configuration list for PBXProject "MyApp" */;
			compatibilityVersion = "Xcode 8.0";
			developmentRegion = en;
			hasScannedForEncodings = 0;
			knownRegions = (
				en,
				Base,
			);
			mainGroup = EEE2672F1F4C318E00D40183;
			productRefGroup = EEE267391F4C318F00D40183 /* Products */;
			projectDirPath = "";
			projectRoot = "";
			targets = (
				EEE267371F4C318F00D40183 /* MyApp */,
			);
		};
/* End PBXProject section */

/* Begin PBXResourcesBuildPhase section */
		EEE267361F4C318F00D40183 /* Resources */ = {
			isa = PBXResourcesBuildPhase;
			buildActionMask = 2147483647;
			files = (
				EE1279811F4D73FB006AD8FF /* MJImgCell.xib in Resources */,
				EEE267481F4C318F00D40183 /* LaunchScreen.storyboard in Resources */,
				EEE267451F4C318F00D40183 /* Assets.xcassets in Resources */,
				EEE267431F4C318F00D40183 /* Main.storyboard in Resources */,
				EEE267551F4C31CC00D40183 /* MyItemListVC.xib in Resources */,
			);
			runOnlyForDeploymentPostprocessing = 0;
		};
/* End PBXResourcesBuildPhase section */

/* Begin PBXShellScriptBuildPhase section */
		3978C10DAC37517C700ECB88 /* [CP] Copy Pods Resources */ = {
			isa = PBXShellScriptBuildPhase;
			buildActionMask = 2147483647;
			files = (
			);
			inputPaths = (
			);
			name = "[CP] Copy Pods Resources";
			outputPaths = (
			);
			runOnlyForDeploymentPostprocessing = 0;
			shellPath = /bin/sh;
			shellScript = "\"${SRCROOT}/Pods/Target Support Files/Pods-MyApp/Pods-MyApp-resources.sh\"\n";
			showEnvVarsInLog = 0;
		};
		43495C857AE3144FD4687712 /* [CP] Embed Pods Frameworks */ = {
			isa = PBXShellScriptBuildPhase;
			buildActionMask = 2147483647;
			files = (
			);
			inputPaths = (
			);
			name = "[CP] Embed Pods Frameworks";
			outputPaths = (
			);
			runOnlyForDeploymentPostprocessing = 0;
			shellPath = /bin/sh;
			shellScript = "\"${SRCROOT}/Pods/Target Support Files/Pods-MyApp/Pods-MyApp-frameworks.sh\"\n";
			showEnvVarsInLog = 0;
		};
		CE2BFD8E8BD8B9EFBFA123BE /* [CP] Check Pods Manifest.lock */ = {
			isa = PBXShellScriptBuildPhase;
			buildActionMask = 2147483647;
			files = (
			);
			inputPaths = (
			);
			name = "[CP] Check Pods Manifest.lock";
			outputPaths = (
			);
			runOnlyForDeploymentPostprocessing = 0;
			shellPath = /bin/sh;
			shellScript = "diff \"${PODS_PODFILE_DIR_PATH}/Podfile.lock\" \"${PODS_ROOT}/Manifest.lock\" > /dev/null\nif [ $? != 0 ] ; then\n    # print error to STDERR\n    echo \"error: The sandbox is not in sync with the Podfile.lock. Run 'pod install' or update your CocoaPods installation.\" >&2\n    exit 1\nfi\n";
			showEnvVarsInLog = 0;
		};
/* End PBXShellScriptBuildPhase section */

/* Begin PBXSourcesBuildPhase section */
		EEE267341F4C318F00D40183 /* Sources */ = {
			isa = PBXSourcesBuildPhase;
			buildActionMask = 2147483647;
			files = (
				EE1279851F4D7775006AD8FF /* UIView+Extension.m in Sources */,
				EEE267401F4C318F00D40183 /* ViewController.m in Sources */,
				EEE2674B1F4C318F00D40183 /* main.m in Sources */,
				EE1279821F4D7738006AD8FF /* SelectImgVC.m in Sources */,
				EEE2673D1F4C318F00D40183 /* AppDelegate.m in Sources */,
				EE1279841F4D7773006AD8FF /* BasicControl.m in Sources */,
				EE1279801F4D73FB006AD8FF /* MJImgCell.m in Sources */,
				EEE267541F4C31CC00D40183 /* MyItemListVC.m in Sources */,
				EE1279831F4D776C006AD8FF /* LxGridViewFlowLayout.m in Sources */,
			);
			runOnlyForDeploymentPostprocessing = 0;
		};
/* End PBXSourcesBuildPhase section */

/* Begin PBXVariantGroup section */
		EEE267411F4C318F00D40183 /* Main.storyboard */ = {
			isa = PBXVariantGroup;
			children = (
				EEE267421F4C318F00D40183 /* Base */,
			);
			name = Main.storyboard;
			sourceTree = "<group>";
		};
		EEE267461F4C318F00D40183 /* LaunchScreen.storyboard */ = {
			isa = PBXVariantGroup;
			children = (
				EEE267471F4C318F00D40183 /* Base */,
			);
			name = LaunchScreen.storyboard;
			sourceTree = "<group>";
		};
/* End PBXVariantGroup section */

/* Begin XCBuildConfiguration section */
		EEE2674C1F4C318F00D40183 /* Debug */ = {
			isa = XCBuildConfiguration;
			buildSettings = {
				ALWAYS_SEARCH_USER_PATHS = NO;
				CLANG_ANALYZER_NONNULL = YES;
				CLANG_ANALYZER_NUMBER_OBJECT_CONVERSION = YES_AGGRESSIVE;
				CLANG_CXX_LANGUAGE_STANDARD = "gnu++14";
				CLANG_CXX_LIBRARY = "libc++";
				CLANG_ENABLE_MODULES = YES;
				CLANG_ENABLE_OBJC_ARC = YES;
				CLANG_WARN_BLOCK_CAPTURE_AUTORELEASING = YES;
				CLANG_WARN_BOOL_CONVERSION = YES;
				CLANG_WARN_COMMA = YES;
				CLANG_WARN_CONSTANT_CONVERSION = YES;
				CLANG_WARN_DIRECT_OBJC_ISA_USAGE = YES_ERROR;
				CLANG_WARN_DOCUMENTATION_COMMENTS = YES;
				CLANG_WARN_EMPTY_BODY = YES;
				CLANG_WARN_ENUM_CONVERSION = YES;
				CLANG_WARN_INFINITE_RECURSION = YES;
				CLANG_WARN_INT_CONVERSION = YES;
				CLANG_WARN_NON_LITERAL_NULL_CONVERSION = YES;
				CLANG_WARN_OBJC_LITERAL_CONVERSION = YES;
				CLANG_WARN_OBJC_ROOT_CLASS = YES_ERROR;
				CLANG_WARN_RANGE_LOOP_ANALYSIS = YES;
				CLANG_WARN_STRICT_PROTOTYPES = YES;
				CLANG_WARN_SUSPICIOUS_MOVE = YES;
				CLANG_WARN_UNGUARDED_AVAILABILITY = YES_AGGRESSIVE;
				CLANG_WARN_UNREACHABLE_CODE = YES;
				CLANG_WARN__DUPLICATE_METHOD_MATCH = YES;
				CODE_SIGN_IDENTITY = "iPhone Developer";
				COPY_PHASE_STRIP = NO;
				DEBUG_INFORMATION_FORMAT = dwarf;
				ENABLE_STRICT_OBJC_MSGSEND = YES;
				ENABLE_TESTABILITY = YES;
				GCC_C_LANGUAGE_STANDARD = gnu11;
				GCC_DYNAMIC_NO_PIC = NO;
				GCC_NO_COMMON_BLOCKS = YES;
				GCC_OPTIMIZATION_LEVEL = 0;
				GCC_PREPROCESSOR_DEFINITIONS = (
					"DEBUG=1",
					"$(inherited)",
				);
				GCC_WARN_64_TO_32_BIT_CONVERSION = YES;
				GCC_WARN_ABOUT_RETURN_TYPE = YES_ERROR;
				GCC_WARN_UNDECLARED_SELECTOR = YES;
				GCC_WARN_UNINITIALIZED_AUTOS = YES_AGGRESSIVE;
				GCC_WARN_UNUSED_FUNCTION = YES;
				GCC_WARN_UNUSED_VARIABLE = YES;
				IPHONEOS_DEPLOYMENT_TARGET = 11.0;
				MTL_ENABLE_DEBUG_INFO = YES;
				ONLY_ACTIVE_ARCH = YES;
				SDKROOT = iphoneos;
			};
			name = Debug;
		};
		EEE2674D1F4C318F00D40183 /* Release */ = {
			isa = XCBuildConfiguration;
			buildSettings = {
				ALWAYS_SEARCH_USER_PATHS = NO;
				CLANG_ANALYZER_NONNULL = YES;
				CLANG_ANALYZER_NUMBER_OBJECT_CONVERSION = YES_AGGRESSIVE;
				CLANG_CXX_LANGUAGE_STANDARD = "gnu++14";
				CLANG_CXX_LIBRARY = "libc++";
				CLANG_ENABLE_MODULES = YES;
				CLANG_ENABLE_OBJC_ARC = YES;
				CLANG_WARN_BLOCK_CAPTURE_AUTORELEASING = YES;
				CLANG_WARN_BOOL_CONVERSION = YES;
				CLANG_WARN_COMMA = YES;
				CLANG_WARN_CONSTANT_CONVERSION = YES;
				CLANG_WARN_DIRECT_OBJC_ISA_USAGE = YES_ERROR;
				CLANG_WARN_DOCUMENTATION_COMMENTS = YES;
				CLANG_WARN_EMPTY_BODY = YES;
				CLANG_WARN_ENUM_CONVERSION = YES;
				CLANG_WARN_INFINITE_RECURSION = YES;
				CLANG_WARN_INT_CONVERSION = YES;
				CLANG_WARN_NON_LITERAL_NULL_CONVERSION = YES;
				CLANG_WARN_OBJC_LITERAL_CONVERSION = YES;
				CLANG_WARN_OBJC_ROOT_CLASS = YES_ERROR;
				CLANG_WARN_RANGE_LOOP_ANALYSIS = YES;
				CLANG_WARN_STRICT_PROTOTYPES = YES;
				CLANG_WARN_SUSPICIOUS_MOVE = YES;
				CLANG_WARN_UNGUARDED_AVAILABILITY = YES_AGGRESSIVE;
				CLANG_WARN_UNREACHABLE_CODE = YES;
				CLANG_WARN__DUPLICATE_METHOD_MATCH = YES;
				CODE_SIGN_IDENTITY = "iPhone Developer";
				COPY_PHASE_STRIP = NO;
				DEBUG_INFORMATION_FORMAT = "dwarf-with-dsym";
				ENABLE_NS_ASSERTIONS = NO;
				ENABLE_STRICT_OBJC_MSGSEND = YES;
				GCC_C_LANGUAGE_STANDARD = gnu11;
				GCC_NO_COMMON_BLOCKS = YES;
				GCC_WARN_64_TO_32_BIT_CONVERSION = YES;
				GCC_WARN_ABOUT_RETURN_TYPE = YES_ERROR;
				GCC_WARN_UNDECLARED_SELECTOR = YES;
				GCC_WARN_UNINITIALIZED_AUTOS = YES_AGGRESSIVE;
				GCC_WARN_UNUSED_FUNCTION = YES;
				GCC_WARN_UNUSED_VARIABLE = YES;
				IPHONEOS_DEPLOYMENT_TARGET = 11.0;
				MTL_ENABLE_DEBUG_INFO = NO;
				SDKROOT = iphoneos;
				VALIDATE_PRODUCT = YES;
			};
			name = Release;
		};
		EEE2674F1F4C318F00D40183 /* Debug */ = {
			isa = XCBuildConfiguration;
			baseConfigurationReference = 0EBB15FCCCE7FB10D8D998DE /* Pods-MyApp.debug.xcconfig */;
			buildSettings = {
				ASSETCATALOG_COMPILER_APPICON_NAME = AppIcon;
				CODE_SIGN_STYLE = Automatic;
				DEVELOPMENT_TEAM = KF639P3DKQ;
				GCC_PRECOMPILE_PREFIX_HEADER = YES;
				GCC_PREFIX_HEADER = "$(SRCROOT)/MyApp/MyApp.pch";
				INFOPLIST_FILE = MyApp/Info.plist;
				IPHONEOS_DEPLOYMENT_TARGET = 9.0;
				LD_RUNPATH_SEARCH_PATHS = "$(inherited) @executable_path/Frameworks";
				PRODUCT_BUNDLE_IDENTIFIER = skydrui.MyApp;
				PRODUCT_NAME = "$(TARGET_NAME)";
				TARGETED_DEVICE_FAMILY = "1,2";
			};
			name = Debug;
		};
		EEE267501F4C318F00D40183 /* Release */ = {
			isa = XCBuildConfiguration;
			baseConfigurationReference = 4DD1F1059C7BA726E754FFE0 /* Pods-MyApp.release.xcconfig */;
			buildSettings = {
				ASSETCATALOG_COMPILER_APPICON_NAME = AppIcon;
				CODE_SIGN_STYLE = Automatic;
				DEVELOPMENT_TEAM = KF639P3DKQ;
				GCC_PRECOMPILE_PREFIX_HEADER = YES;
				GCC_PREFIX_HEADER = "$(SRCROOT)/MyApp/MyApp.pch";
				INFOPLIST_FILE = MyApp/Info.plist;
				IPHONEOS_DEPLOYMENT_TARGET = 9.0;
				LD_RUNPATH_SEARCH_PATHS = "$(inherited) @executable_path/Frameworks";
				PRODUCT_BUNDLE_IDENTIFIER = skydrui.MyApp;
				PRODUCT_NAME = "$(TARGET_NAME)";
				TARGETED_DEVICE_FAMILY = "1,2";
			};
			name = Release;
		};
/* End XCBuildConfiguration section */

/* Begin XCConfigurationList section */
		EEE267331F4C318E00D40183 /* Build configuration list for PBXProject "MyApp" */ = {
			isa = XCConfigurationList;
			buildConfigurations = (
				EEE2674C1F4C318F00D40183 /* Debug */,
				EEE2674D1F4C318F00D40183 /* Release */,
			);
			defaultConfigurationIsVisible = 0;
			defaultConfigurationName = Release;
		};
		EEE2674E1F4C318F00D40183 /* Build configuration list for PBXNativeTarget "MyApp" */ = {
			isa = XCConfigurationList;
			buildConfigurations = (
				EEE2674F1F4C318F00D40183 /* Debug */,
				EEE267501F4C318F00D40183 /* Release */,
			);
			defaultConfigurationIsVisible = 0;
			defaultConfigurationName = Release;
		};
/* End XCConfigurationList section */
	};
	rootObject = EEE267301F4C318E00D40183 /* Project object */;
}
